
Microsoft Visual Studio Solution File, Format Version 12.00
# Visual Studio 15
VisualStudioVersion = 15.0.28307.779
MinimumVisualStudioVersion = 10.0.40219.1
Project("{FAE04EC0-301F-11D3-BF4B-00C04F79EFBC}") = "Survey", "Survey\Survey.csproj", "{8A8FB984-3705-4A5B-87E7-5752C2E3C4A1}"
EndProject
Global
	GlobalSection(SolutionConfigurationPlatforms) = preSolution
		Debug|Any CPU = Debug|Any CPU
		Release|Any CPU = Release|Any CPU
	EndGlobalSection
	GlobalSection(ProjectConfigurationPlatforms) = postSolution
		{8A8FB984-3705-4A5B-87E7-5752C2E3C4A1}.Debug|Any CPU.ActiveCfg = Debug|Any CPU
		{8A8FB984-3705-4A5B-87E7-5752C2E3C4A1}.Debug|Any CPU.Build.0 = Debug|Any CPU
		{8A8FB984-3705-4A5B-87E7-5752C2E3C4A1}.Release|Any CPU.ActiveCfg = Release|Any CPU
		{8A8FB984-3705-4A5B-87E7-5752C2E3C4A1}.Release|Any CPU.Build.0 = Release|Any CPU
	EndGlobalSection
	GlobalSection(SolutionProperties) = preSolution
		HideSolutionNode = FALSE
	EndGlobalSection
	GlobalSection(ExtensibilityGlobals) = postSolution
		SolutionGuid = {290FD254-9C95-454A-A0CB-3ABF777ABE52}
	EndGlobalSection
EndGlobal
